
Microsoft Visual Studio Solution File, Format Version 12.00
# Visual Studio Version 17
VisualStudioVersion = 17.4.33403.182
MinimumVisualStudioVersion = 10.0.40219.1
Project("{FAE04EC0-301F-11D3-BF4B-00C04F79EFBC}") = "CSharpTest", "CSharpTest\CSharpTest.csproj", "{C2F53EF2-D147-4712-92BE-37EE25766504}"
EndProject
Global
	GlobalSection(SolutionConfigurationPlatforms) = preSolution
		Debug|Any CPU = Debug|Any CPU
		Release|Any CPU = Release|Any CPU
	EndGlobalSection
	GlobalSection(ProjectConfigurationPlatforms) = postSolution
		{C2F53EF2-D147-4712-92BE-37EE25766504}.Debug|Any CPU.ActiveCfg = Debug|Any CPU
		{C2F53EF2-D147-4712-92BE-37EE25766504}.Debug|Any CPU.Build.0 = Debug|Any CPU
		{C2F53EF2-D147-4712-92BE-37EE25766504}.Release|Any CPU.ActiveCfg = Release|Any CPU
		{C2F53EF2-D147-4712-92BE-37EE25766504}.Release|Any CPU.Build.0 = Release|Any CPU
	EndGlobalSection
	GlobalSection(SolutionProperties) = preSolution
		HideSolutionNode = FALSE
	EndGlobalSection
	GlobalSection(ExtensibilityGlobals) = postSolution
		SolutionGuid = {78F2AD42-03EC-4FD2-95F9-AFDF8AB90BD1}
	EndGlobalSection
EndGlobal
